
Microsoft Visual Studio Solution File, Format Version 12.00
# Visual Studio 14
VisualStudioVersion = 14.0.24720.0
MinimumVisualStudioVersion = 10.0.40219.1
Project("{FAE04EC0-301F-11D3-BF4B-00C04F79EFBC}") = "Soundboard", "Soundboard\Soundboard.csproj", "{862D344D-BAB4-4FCA-B688-A04E3E452300}"
EndProject
Project("{FAE04EC0-301F-11D3-BF4B-00C04F79EFBC}") = "Soundboard.Services", "Soundboard.Services\Soundboard.Services.csproj", "{5527C018-87CA-451D-8513-4D1C1D095D3B}"
EndProject
Project("{FAE04EC0-301F-11D3-BF4B-00C04F79EFBC}") = "Soundboard.Dto", "Soundboard.Dto\Soundboard.Dto.csproj", "{984EF918-9E6C-4FC9-AFCD-858DB93374BE}"
EndProject
Project("{FAE04EC0-301F-11D3-BF4B-00C04F79EFBC}") = "Soundboard.AzureApiApp", "Soundboard.AzureApiApp\Soundboard.AzureApiApp.csproj", "{96E089A1-F004-448D-8D7F-CA8439278F7F}"
EndProject
Project("{FAE04EC0-301F-11D3-BF4B-00C04F79EFBC}") = "Soundboard.AzureApiApp.Dto", "Soundboard.AzureApiApp.Dto\Soundboard.AzureApiApp.Dto.csproj", "{A4BC081B-6146-4A58-9F6D-D82BBBC277EF}"
EndProject
Project("{FAE04EC0-301F-11D3-BF4B-00C04F79EFBC}") = "Soundboard.AzureApiApp.DocumentDbInitializer", "Soundboard.AzureApiApp.DataAccess\Soundboard.AzureApiApp.DocumentDbInitializer.csproj", "{4DD1A6EE-38A2-4963-868A-574FB8D000FC}"
EndProject
Project("{FAE04EC0-301F-11D3-BF4B-00C04F79EFBC}") = "Coolblue.Utils", "Coolblue.Utils\Coolblue.Utils.csproj", "{A602C235-DE59-4D67-A786-EA8DD26C7A25}"
EndProject
Global
	GlobalSection(SolutionConfigurationPlatforms) = preSolution
		Debug|Any CPU = Debug|Any CPU
		Debug|ARM = Debug|ARM
		Debug|x64 = Debug|x64
		Debug|x86 = Debug|x86
		Release|Any CPU = Release|Any CPU
		Release|ARM = Release|ARM
		Release|x64 = Release|x64
		Release|x86 = Release|x86
	EndGlobalSection
	GlobalSection(ProjectConfigurationPlatforms) = postSolution
		{862D344D-BAB4-4FCA-B688-A04E3E452300}.Debug|Any CPU.ActiveCfg = Debug|x86
		{862D344D-BAB4-4FCA-B688-A04E3E452300}.Debug|ARM.ActiveCfg = Debug|ARM
		{862D344D-BAB4-4FCA-B688-A04E3E452300}.Debug|ARM.Build.0 = Debug|ARM
		{862D344D-BAB4-4FCA-B688-A04E3E452300}.Debug|ARM.Deploy.0 = Debug|ARM
		{862D344D-BAB4-4FCA-B688-A04E3E452300}.Debug|x64.ActiveCfg = Debug|x64
		{862D344D-BAB4-4FCA-B688-A04E3E452300}.Debug|x64.Build.0 = Debug|x64
		{862D344D-BAB4-4FCA-B688-A04E3E452300}.Debug|x64.Deploy.0 = Debug|x64
		{862D344D-BAB4-4FCA-B688-A04E3E452300}.Debug|x86.ActiveCfg = Debug|x86
		{862D344D-BAB4-4FCA-B688-A04E3E452300}.Debug|x86.Build.0 = Debug|x86
		{862D344D-BAB4-4FCA-B688-A04E3E452300}.Debug|x86.Deploy.0 = Debug|x86
		{862D344D-BAB4-4FCA-B688-A04E3E452300}.Release|Any CPU.ActiveCfg = Release|x86
		{862D344D-BAB4-4FCA-B688-A04E3E452300}.Release|ARM.ActiveCfg = Release|ARM
		{862D344D-BAB4-4FCA-B688-A04E3E452300}.Release|ARM.Build.0 = Release|ARM
		{862D344D-BAB4-4FCA-B688-A04E3E452300}.Release|ARM.Deploy.0 = Release|ARM
		{862D344D-BAB4-4FCA-B688-A04E3E452300}.Release|x64.ActiveCfg = Release|x64
		{862D344D-BAB4-4FCA-B688-A04E3E452300}.Release|x64.Build.0 = Release|x64
		{862D344D-BAB4-4FCA-B688-A04E3E452300}.Release|x64.Deploy.0 = Release|x64
		{862D344D-BAB4-4FCA-B688-A04E3E452300}.Release|x86.ActiveCfg = Release|x86
		{862D344D-BAB4-4FCA-B688-A04E3E452300}.Release|x86.Build.0 = Release|x86
		{862D344D-BAB4-4FCA-B688-A04E3E452300}.Release|x86.Deploy.0 = Release|x86
		{5527C018-87CA-451D-8513-4D1C1D095D3B}.Debug|Any CPU.ActiveCfg = Debug|Any CPU
		{5527C018-87CA-451D-8513-4D1C1D095D3B}.Debug|Any CPU.Build.0 = Debug|Any CPU
		{5527C018-87CA-451D-8513-4D1C1D095D3B}.Debug|ARM.ActiveCfg = Debug|ARM
		{5527C018-87CA-451D-8513-4D1C1D095D3B}.Debug|ARM.Build.0 = Debug|ARM
		{5527C018-87CA-451D-8513-4D1C1D095D3B}.Debug|x64.ActiveCfg = Debug|x64
		{5527C018-87CA-451D-8513-4D1C1D095D3B}.Debug|x64.Build.0 = Debug|x64
		{5527C018-87CA-451D-8513-4D1C1D095D3B}.Debug|x86.ActiveCfg = Debug|x86
		{5527C018-87CA-451D-8513-4D1C1D095D3B}.Debug|x86.Build.0 = Debug|x86
		{5527C018-87CA-451D-8513-4D1C1D095D3B}.Release|Any CPU.ActiveCfg = Release|Any CPU
		{5527C018-87CA-451D-8513-4D1C1D095D3B}.Release|Any CPU.Build.0 = Release|Any CPU
		{5527C018-87CA-451D-8513-4D1C1D095D3B}.Release|ARM.ActiveCfg = Release|ARM
		{5527C018-87CA-451D-8513-4D1C1D095D3B}.Release|ARM.Build.0 = Release|ARM
		{5527C018-87CA-451D-8513-4D1C1D095D3B}.Release|x64.ActiveCfg = Release|x64
		{5527C018-87CA-451D-8513-4D1C1D095D3B}.Release|x64.Build.0 = Release|x64
		{5527C018-87CA-451D-8513-4D1C1D095D3B}.Release|x86.ActiveCfg = Release|x86
		{5527C018-87CA-451D-8513-4D1C1D095D3B}.Release|x86.Build.0 = Release|x86
		{984EF918-9E6C-4FC9-AFCD-858DB93374BE}.Debug|Any CPU.ActiveCfg = Debug|Any CPU
		{984EF918-9E6C-4FC9-AFCD-858DB93374BE}.Debug|Any CPU.Build.0 = Debug|Any CPU
		{984EF918-9E6C-4FC9-AFCD-858DB93374BE}.Debug|ARM.ActiveCfg = Debug|ARM
		{984EF918-9E6C-4FC9-AFCD-858DB93374BE}.Debug|ARM.Build.0 = Debug|ARM
		{984EF918-9E6C-4FC9-AFCD-858DB93374BE}.Debug|x64.ActiveCfg = Debug|x64
		{984EF918-9E6C-4FC9-AFCD-858DB93374BE}.Debug|x64.Build.0 = Debug|x64
		{984EF918-9E6C-4FC9-AFCD-858DB93374BE}.Debug|x86.ActiveCfg = Debug|x86
		{984EF918-9E6C-4FC9-AFCD-858DB93374BE}.Debug|x86.Build.0 = Debug|x86
		{984EF918-9E6C-4FC9-AFCD-858DB93374BE}.Release|Any CPU.ActiveCfg = Release|Any CPU
		{984EF918-9E6C-4FC9-AFCD-858DB93374BE}.Release|Any CPU.Build.0 = Release|Any CPU
		{984EF918-9E6C-4FC9-AFCD-858DB93374BE}.Release|ARM.ActiveCfg = Release|ARM
		{984EF918-9E6C-4FC9-AFCD-858DB93374BE}.Release|ARM.Build.0 = Release|ARM
		{984EF918-9E6C-4FC9-AFCD-858DB93374BE}.Release|x64.ActiveCfg = Release|x64
		{984EF918-9E6C-4FC9-AFCD-858DB93374BE}.Release|x64.Build.0 = Release|x64
		{984EF918-9E6C-4FC9-AFCD-858DB93374BE}.Release|x86.ActiveCfg = Release|x86
		{984EF918-9E6C-4FC9-AFCD-858DB93374BE}.Release|x86.Build.0 = Release|x86
		{96E089A1-F004-448D-8D7F-CA8439278F7F}.Debug|Any CPU.ActiveCfg = Debug|Any CPU
		{96E089A1-F004-448D-8D7F-CA8439278F7F}.Debug|Any CPU.Build.0 = Debug|Any CPU
		{96E089A1-F004-448D-8D7F-CA8439278F7F}.Debug|ARM.ActiveCfg = Debug|Any CPU
		{96E089A1-F004-448D-8D7F-CA8439278F7F}.Debug|ARM.Build.0 = Debug|Any CPU
		{96E089A1-F004-448D-8D7F-CA8439278F7F}.Debug|x64.ActiveCfg = Debug|Any CPU
		{96E089A1-F004-448D-8D7F-CA8439278F7F}.Debug|x64.Build.0 = Debug|Any CPU
		{96E089A1-F004-448D-8D7F-CA8439278F7F}.Debug|x86.ActiveCfg = Debug|Any CPU
		{96E089A1-F004-448D-8D7F-CA8439278F7F}.Debug|x86.Build.0 = Debug|Any CPU
		{96E089A1-F004-448D-8D7F-CA8439278F7F}.Release|Any CPU.ActiveCfg = Release|Any CPU
		{96E089A1-F004-448D-8D7F-CA8439278F7F}.Release|Any CPU.Build.0 = Release|Any CPU
		{96E089A1-F004-448D-8D7F-CA8439278F7F}.Release|ARM.ActiveCfg = Release|Any CPU
		{96E089A1-F004-448D-8D7F-CA8439278F7F}.Release|ARM.Build.0 = Release|Any CPU
		{96E089A1-F004-448D-8D7F-CA8439278F7F}.Release|x64.ActiveCfg = Release|Any CPU
		{96E089A1-F004-448D-8D7F-CA8439278F7F}.Release|x64.Build.0 = Release|Any CPU
		{96E089A1-F004-448D-8D7F-CA8439278F7F}.Release|x86.ActiveCfg = Release|Any CPU
		{96E089A1-F004-448D-8D7F-CA8439278F7F}.Release|x86.Build.0 = Release|Any CPU
		{A4BC081B-6146-4A58-9F6D-D82BBBC277EF}.Debug|Any CPU.ActiveCfg = Debug|Any CPU
		{A4BC081B-6146-4A58-9F6D-D82BBBC277EF}.Debug|Any CPU.Build.0 = Debug|Any CPU
		{A4BC081B-6146-4A58-9F6D-D82BBBC277EF}.Debug|ARM.ActiveCfg = Debug|Any CPU
		{A4BC081B-6146-4A58-9F6D-D82BBBC277EF}.Debug|ARM.Build.0 = Debug|Any CPU
		{A4BC081B-6146-4A58-9F6D-D82BBBC277EF}.Debug|x64.ActiveCfg = Debug|Any CPU
		{A4BC081B-6146-4A58-9F6D-D82BBBC277EF}.Debug|x64.Build.0 = Debug|Any CPU
		{A4BC081B-6146-4A58-9F6D-D82BBBC277EF}.Debug|x86.ActiveCfg = Debug|Any CPU
		{A4BC081B-6146-4A58-9F6D-D82BBBC277EF}.Debug|x86.Build.0 = Debug|Any CPU
		{A4BC081B-6146-4A58-9F6D-D82BBBC277EF}.Release|Any CPU.ActiveCfg = Release|Any CPU
		{A4BC081B-6146-4A58-9F6D-D82BBBC277EF}.Release|Any CPU.Build.0 = Release|Any CPU
		{A4BC081B-6146-4A58-9F6D-D82BBBC277EF}.Release|ARM.ActiveCfg = Release|Any CPU
		{A4BC081B-6146-4A58-9F6D-D82BBBC277EF}.Release|ARM.Build.0 = Release|Any CPU
		{A4BC081B-6146-4A58-9F6D-D82BBBC277EF}.Release|x64.ActiveCfg = Release|Any CPU
		{A4BC081B-6146-4A58-9F6D-D82BBBC277EF}.Release|x64.Build.0 = Release|Any CPU
		{A4BC081B-6146-4A58-9F6D-D82BBBC277EF}.Release|x86.ActiveCfg = Release|Any CPU
		{A4BC081B-6146-4A58-9F6D-D82BBBC277EF}.Release|x86.Build.0 = Release|Any CPU
		{4DD1A6EE-38A2-4963-868A-574FB8D000FC}.Debug|Any CPU.ActiveCfg = Debug|Any CPU
		{4DD1A6EE-38A2-4963-868A-574FB8D000FC}.Debug|Any CPU.Build.0 = Debug|Any CPU
		{4DD1A6EE-38A2-4963-868A-574FB8D000FC}.Debug|ARM.ActiveCfg = Debug|Any CPU
		{4DD1A6EE-38A2-4963-868A-574FB8D000FC}.Debug|ARM.Build.0 = Debug|Any CPU
		{4DD1A6EE-38A2-4963-868A-574FB8D000FC}.Debug|x64.ActiveCfg = Debug|Any CPU
		{4DD1A6EE-38A2-4963-868A-574FB8D000FC}.Debug|x64.Build.0 = Debug|Any CPU
		{4DD1A6EE-38A2-4963-868A-574FB8D000FC}.Debug|x86.ActiveCfg = Debug|Any CPU
		{4DD1A6EE-38A2-4963-868A-574FB8D000FC}.Debug|x86.Build.0 = Debug|Any CPU
		{4DD1A6EE-38A2-4963-868A-574FB8D000FC}.Release|Any CPU.ActiveCfg = Release|Any CPU
		{4DD1A6EE-38A2-4963-868A-574FB8D000FC}.Release|Any CPU.Build.0 = Release|Any CPU
		{4DD1A6EE-38A2-4963-868A-574FB8D000FC}.Release|ARM.ActiveCfg = Release|Any CPU
		{4DD1A6EE-38A2-4963-868A-574FB8D000FC}.Release|ARM.Build.0 = Release|Any CPU
		{4DD1A6EE-38A2-4963-868A-574FB8D000FC}.Release|x64.ActiveCfg = Release|Any CPU
		{4DD1A6EE-38A2-4963-868A-574FB8D000FC}.Release|x64.Build.0 = Release|Any CPU
		{4DD1A6EE-38A2-4963-868A-574FB8D000FC}.Release|x86.ActiveCfg = Release|Any CPU
		{4DD1A6EE-38A2-4963-868A-574FB8D000FC}.Release|x86.Build.0 = Release|Any CPU
		{A602C235-DE59-4D67-A786-EA8DD26C7A25}.Debug|Any CPU.ActiveCfg = Debug|Any CPU
		{A602C235-DE59-4D67-A786-EA8DD26C7A25}.Debug|Any CPU.Build.0 = Debug|Any CPU
		{A602C235-DE59-4D67-A786-EA8DD26C7A25}.Debug|ARM.ActiveCfg = Debug|Any CPU
		{A602C235-DE59-4D67-A786-EA8DD26C7A25}.Debug|ARM.Build.0 = Debug|Any CPU
		{A602C235-DE59-4D67-A786-EA8DD26C7A25}.Debug|x64.ActiveCfg = Debug|Any CPU
		{A602C235-DE59-4D67-A786-EA8DD26C7A25}.Debug|x64.Build.0 = Debug|Any CPU
		{A602C235-DE59-4D67-A786-EA8DD26C7A25}.Debug|x86.ActiveCfg = Debug|Any CPU
		{A602C235-DE59-4D67-A786-EA8DD26C7A25}.Debug|x86.Build.0 = Debug|Any CPU
		{A602C235-DE59-4D67-A786-EA8DD26C7A25}.Release|Any CPU.ActiveCfg = Release|Any CPU
		{A602C235-DE59-4D67-A786-EA8DD26C7A25}.Release|Any CPU.Build.0 = Release|Any CPU
		{A602C235-DE59-4D67-A786-EA8DD26C7A25}.Release|ARM.ActiveCfg = Release|Any CPU
		{A602C235-DE59-4D67-A786-EA8DD26C7A25}.Release|ARM.Build.0 = Release|Any CPU
		{A602C235-DE59-4D67-A786-EA8DD26C7A25}.Release|x64.ActiveCfg = Release|Any CPU
		{A602C235-DE59-4D67-A786-EA8DD26C7A25}.Release|x64.Build.0 = Release|Any CPU
		{A602C235-DE59-4D67-A786-EA8DD26C7A25}.Release|x86.ActiveCfg = Release|Any CPU
		{A602C235-DE59-4D67-A786-EA8DD26C7A25}.Release|x86.Build.0 = Release|Any CPU
	EndGlobalSection
	GlobalSection(SolutionProperties) = preSolution
		HideSolutionNode = FALSE
	EndGlobalSection
EndGlobal
